{
  "name": "Model-Based-Optimization-of-Pacing-Strategies-inTime-Trial-Cycling",
  "lockfileVersion": 3,
  "requires": true,
  "packages": {
    "": {
      "dependencies": {
        "child_process": "^1.0.2",
        "numeric": "^1.2.6"
      }
    },
    "node_modules/child_process": {
      "version": "1.0.2",
      "resolved": "https://registry.npmjs.org/child_process/-/child_process-1.0.2.tgz",
      "integrity": "sha512-Wmza/JzL0SiWz7kl6MhIKT5ceIlnFPJX+lwUGj7Clhy5MMldsSoJR0+uvRzOS5Kv45Mq7t1PoE8TsOA9bzvb6g=="
    },
    "node_modules/numeric": {
      "version": "1.2.6",
      "resolved": "https://registry.npmjs.org/numeric/-/numeric-1.2.6.tgz",
      "integrity": "sha512-avBiDAP8siMa7AfJgYyuxw1oyII4z2sswS23+O+ZfV28KrtNzy0wxUFwi4f3RyM4eeeXNs1CThxR7pb5QQcMiw=="
    }
  }
}
